{
  "name": "Day7",
  "lockfileVersion": 3,
  "requires": true,
  "packages": {
    "": {
      "dependencies": {
        "signage": "^1.0.1"
      }
    },
    "node_modules/signage": {
      "version": "1.0.1",
      "resolved": "https://registry.npmjs.org/signage/-/signage-1.0.1.tgz",
      "integrity": "sha512-HQS1ZEZ0cap56ZwNJYqdEHOL319wXw7ET5U00ttoMVZBE/RK259RHa6cK4xox3y8uZXY9VXKKLU8J0SQGXarpw==",
      "license": "MIT",
      "engines": {
        "node": "6.11.2"
      }
    }
  }
}
